Microsoft Visual Studio Solution File, Format Version 12.00
# Visual Studio Version 18
VisualStudioVersion = 18.2.11415.280
MinimumVisualStudioVersion = 10.0.40219.1
Project("{9A19103F-16F7-4668-BE54-9A1E7A4F7556}") = "ECommerceApp.Web", "ECommerceApp.Web\ECommerceApp.Web.csproj", "{37AFE261-8798-4F38-AB9E-E24F319C7BE7}"
EndProject
Project("{2150E333-8FDC-42A3-9474-1A3956D46DE8}") = "Domain", "Domain", "{E366E209-FBED-44DB-A5CC-10CE7EAAD258}"
EndProject
Project("{2150E333-8FDC-42A3-9474-1A3956D46DE8}") = "Application", "Application", "{9EE5FD2E-EFCD-49A0-A1DE-4D58D4DE35B1}"
EndProject
Project("{2150E333-8FDC-42A3-9474-1A3956D46DE8}") = "Infrastructure", "Infrastructure", "{8414CA63-CBCE-4F01-962D-5EF94E8E9823}"
EndProject
Project("{2150E333-8FDC-42A3-9474-1A3956D46DE8}") = "Test", "Test", "{10D50F1A-6B65-4B28-B3E1-B064B6EBF967}"
EndProject
Project("{2150E333-8FDC-42A3-9474-1A3956D46DE8}") = "UI", "UI", "{79A3F79E-4649-412E-8C1D-CEDBBFCA3148}"
EndProject
Project("{9A19103F-16F7-4668-BE54-9A1E7A4F7556}") = "ECommerceApp.Application", "ECommerceApp.Application\ECommerceApp.Application.csproj", "{D5F1F7F5-15EE-401D-904B-59DEE87F31E9}"
EndProject
Project("{9A19103F-16F7-4668-BE54-9A1E7A4F7556}") = "ECommerceApp.Domain", "ECommerceApp.Domain\ECommerceApp.Domain.csproj", "{099C91A3-CAFA-4DE3-B284-ECF927D6DB1D}"
EndProject
Project("{9A19103F-16F7-4668-BE54-9A1E7A4F7556}") = "ECommerceApp.Infrastructure", "ECommerceApp.Infrastructure\ECommerceApp.Infrastructure.csproj", "{CDA8D652-A2F0-41C5-8F74-B93BE1128837}"
EndProject
Project("{9A19103F-16F7-4668-BE54-9A1E7A4F7556}") = "ECommerceApp.UnitTests", "ECommerceApp.UnitTests\ECommerceApp.UnitTests.csproj", "{D0D6AAB7-0B70-467C-9952-F2D15EABC772}"
EndProject
Project("{9A19103F-16F7-4668-BE54-9A1E7A4F7556}") = "ECommerceApp.API", "ECommerceApp.API\ECommerceApp.API.csproj", "{ED508D6F-6EE1-4ECC-A115-9F145645B377}"
EndProject
Project("{FAE04EC0-301F-11D3-BF4B-00C04F79EFBC}") = "ECommerceApp.IntegrationTests", "ECommerceApp.IntegrationTests\ECommerceApp.IntegrationTests.csproj", "{270EE226-CC66-4548-9BD1-469091FE8580}"
EndProject
Project("{2150E333-8FDC-42A3-9474-1A3956D46DE8}") = "Copilot", "Copilot", "{02EA681E-C7D8-13C7-8484-4AC65E1B71E8}"
	ProjectSection(SolutionItems) = preProject
		.github\copilot-instructions.md = .github\copilot-instructions.md
		.github\COPILOT-SETUP-CHANGELOG.md = .github\COPILOT-SETUP-CHANGELOG.md
	EndProjectSection
EndProject
Project("{2150E333-8FDC-42A3-9474-1A3956D46DE8}") = "instructions", "instructions", "{38F19132-871F-4C11-806B-B6FE77611219}"
	ProjectSection(SolutionItems) = preProject
		.github\instructions\docs-index.instructions.md = .github\instructions\docs-index.instructions.md
		.github\instructions\dotnet.instructions.md = .github\instructions\dotnet.instructions.md
		.github\instructions\efcore.instructions.md = .github\instructions\efcore.instructions.md
		.github\instructions\frontend.instructions.md = .github\instructions\frontend.instructions.md
		.github\instructions\migration-policy.instructions.md = .github\instructions\migration-policy.instructions.md
		.github\instructions\pre-edit.instructions.md = .github\instructions\pre-edit.instructions.md
		.github\instructions\razorpages.instructions.md = .github\instructions\razorpages.instructions.md
		.github\instructions\safety.instructions.md = .github\instructions\safety.instructions.md
		.github\instructions\shared-primitives.instructions.md = .github\instructions\shared-primitives.instructions.md
		.github\instructions\testing.instructions.md = .github\instructions\testing.instructions.md
		.github\instructions\web-api.instructions.md = .github\instructions\web-api.instructions.md
	EndProjectSection
EndProject
Project("{2150E333-8FDC-42A3-9474-1A3956D46DE8}") = "templates", "templates", "{6E1A68B1-6E1A-4C59-BBC0-26FE3199BB75}"
	ProjectSection(SolutionItems) = preProject
		.github\templates\adr.template.md = .github\templates\adr.template.md
	EndProjectSection
EndProject
Project("{2150E333-8FDC-42A3-9474-1A3956D46DE8}") = "agents", "agents", "{D2867909-022A-479A-A6F9-3CF92C8F518C}"
	ProjectSection(SolutionItems) = preProject
		.github\agents\adr-generator.md = .github\agents\adr-generator.md
		.github\agents\bc-switch.md = .github\agents\bc-switch.md
		.github\agents\code-reviewer.md = .github\agents\code-reviewer.md
		.github\agents\copilot-setup-maintainer.md = .github\agents\copilot-setup-maintainer.md
	EndProjectSection
EndProject
Project("{2150E333-8FDC-42A3-9474-1A3956D46DE8}") = "docs", "docs", "{908C6C00-47A3-455F-82C8-5BBECB045911}"
EndProject
Project("{2150E333-8FDC-42A3-9474-1A3956D46DE8}") = "adr", "adr", "{25B91C37-ECC3-46DC-8502-C91F85A1F7BC}"
	ProjectSection(SolutionItems) = preProject
		docs\adr\0001-project-overview-and-technology-stack.md = docs\adr\0001-project-overview-and-technology-stack.md
		docs\adr\0002-post-event-storming-architectural-evolution-strategy.md = docs\adr\0002-post-event-storming-architectural-evolution-strategy.md
		docs\adr\0003-feature-folder-organization-for-new-bounded-context-code.md = docs\adr\0003-feature-folder-organization-for-new-bounded-context-code.md
		docs\adr\0004-module-taxonomy-and-bounded-context-grouping.md = docs\adr\0004-module-taxonomy-and-bounded-context-grouping.md
		docs\adr\0005-accountprofile-bc-userprofile-aggregate-design.md = docs\adr\0005-accountprofile-bc-userprofile-aggregate-design.md
		docs\adr\0006-typedid-and-value-objects-as-shared-domain-primitives.md = docs\adr\0006-typedid-and-value-objects-as-shared-domain-primitives.md
		docs\adr\0007-catalog-bc-product-category-tag-aggregate-design.md = docs\adr\0007-catalog-bc-product-category-tag-aggregate-design.md
		docs\adr\0008-supporting-currencies-bc-design.md = docs\adr\0008-supporting-currencies-bc-design.md
		docs\adr\0009-supporting-timemanagement-bc-design.md = docs\adr\0009-supporting-timemanagement-bc-design.md
		docs\adr\0010-in-memory-message-broker-for-cross-bc-communication.md = docs\adr\0010-in-memory-message-broker-for-cross-bc-communication.md
		docs\adr\0011-inventory-availability-bc-design.md = docs\adr\0011-inventory-availability-bc-design.md
		docs\adr\0012-presale-checkout-bc-design.md = docs\adr\0012-presale-checkout-bc-design.md
		docs\adr\0013-per-bc-dbcontext-interfaces.md = docs\adr\0013-per-bc-dbcontext-interfaces.md
		docs\adr\0014-sales-orders-bc-design.md = docs\adr\0014-sales-orders-bc-design.md
		docs\adr\0015-sales-payments-bc-design.md = docs\adr\0015-sales-payments-bc-design.md
		docs\adr\0016-sales-coupons-bc-design.md = docs\adr\0016-sales-coupons-bc-design.md
		docs\adr\0017-sales-fulfillment-bc-design.md = docs\adr\0017-sales-fulfillment-bc-design.md
		docs\adr\0018-supporting-communication-bc-design.md = docs\adr\0018-supporting-communication-bc-design.md
		docs\adr\0019-identity-iam-bc-design.md = docs\adr\0019-identity-iam-bc-design.md
		docs\adr\0020-backoffice-bc-design.md = docs\adr\0020-backoffice-bc-design.md
		docs\adr\0021-frontend-error-pipeline-and-js-migration-strategy.md = docs\adr\0021-frontend-error-pipeline-and-js-migration-strategy.md
		docs\adr\0022-navbar-two-tier-redesign.md = docs\adr\0022-navbar-two-tier-redesign.md
		docs\adr\0023-bootstrap-5-upgrade.md = docs\adr\0023-bootstrap-5-upgrade.md
		docs\adr\0024-controller-routing-strategy.md = docs\adr\0024-controller-routing-strategy.md
		docs\adr\0025-api-tiered-access-trusted-purchase-policy.md = docs\adr\0025-api-tiered-access-trusted-purchase-policy.md
	EndProjectSection
EndProject
Project("{2150E333-8FDC-42A3-9474-1A3956D46DE8}") = "ECommerce", "ECommerce", "{049E647F-D15D-4AFB-8AE6-DB2363C9F4D4}"
EndProject
Project("{2150E333-8FDC-42A3-9474-1A3956D46DE8}") = "architecture", "architecture", "{5EC11768-8E47-4C89-9EBC-78E600311851}"
	ProjectSection(SolutionItems) = preProject
		docs\architecture\bounded-context-map.md = docs\architecture\bounded-context-map.md
	EndProjectSection
EndProject
Project("{2150E333-8FDC-42A3-9474-1A3956D46DE8}") = "prompts", "prompts", "{BAC45AC5-6905-4FAF-956C-CD73D03DB4BD}"
	ProjectSection(SolutionItems) = preProject
		.github\prompts\bc-analysis.prompt.md = .github\prompts\bc-analysis.prompt.md
		.github\prompts\bc-implementation.prompt.md = .github\prompts\bc-implementation.prompt.md
		.github\prompts\pr-review.prompt.md = .github\prompts\pr-review.prompt.md
	EndProjectSection
EndProject
Project("{2150E333-8FDC-42A3-9474-1A3956D46DE8}") = "patterns", "patterns", "{DB95CC21-7869-4EAC-8EB3-F5706D958E0A}"
	ProjectSection(SolutionItems) = preProject
		docs\patterns\implementation-patterns.md = docs\patterns\implementation-patterns.md
	EndProjectSection
EndProject
Project("{2150E333-8FDC-42A3-9474-1A3956D46DE8}") = "roadmap", "roadmap", "{8FA6F8D3-44D1-4AC3-9335-8B69F45EA3DD}"
	ProjectSection(SolutionItems) = preProject
		docs\roadmap\frontend-pipeline.md = docs\roadmap\frontend-pipeline.md
		docs\roadmap\iam-atomic-switch.md = docs\roadmap\iam-atomic-switch.md
		docs\roadmap\iam-refresh-token.md = docs\roadmap\iam-refresh-token.md
		docs\roadmap\orders-atomic-switch.md = docs\roadmap\orders-atomic-switch.md
		docs\roadmap\payments-atomic-switch.md = docs\roadmap\payments-atomic-switch.md
		docs\roadmap\presale-slice2.md = docs\roadmap\presale-slice2.md
		docs\roadmap\README.md = docs\roadmap\README.md
	EndProjectSection
EndProject
Project("{2150E333-8FDC-42A3-9474-1A3956D46DE8}") = "context", "context", "{1064B208-B85A-4013-8C84-597303D43282}"
	ProjectSection(SolutionItems) = preProject
		.github\context\anti-patterns.context.md = .github\context\anti-patterns.context.md
		.github\context\future-skills.md = .github\context\future-skills.md
		.github\context\known-issues.md = .github\context\known-issues.md
		.github\context\project-state.md = .github\context\project-state.md
		.github\context\repo-index.md = .github\context\repo-index.md
	EndProjectSection
EndProject
Project("{2150E333-8FDC-42A3-9474-1A3956D46DE8}") = "reference", "reference", "{A1B2C3D4-E5F6-7890-ABCD-EF1234567890}"
	ProjectSection(SolutionItems) = preProject
		docs\reference\endpoint-map.md = docs\reference\endpoint-map.md
	EndProjectSection
EndProject
Project("{2150E333-8FDC-42A3-9474-1A3956D46DE8}") = "reports", "reports", "{7C3E91A2-B4D5-4F68-9A1C-E2F30748D6B1}"
	ProjectSection(SolutionItems) = preProject
		docs\reports\bc-migration-status.md = docs\reports\bc-migration-status.md
		docs\reports\cross-bc-integration-test-report.md = docs\reports\cross-bc-integration-test-report.md
		docs\reports\web-ui-views-report.md = docs\reports\web-ui-views-report.md
	EndProjectSection
EndProject
Project("{2150E333-8FDC-42A3-9474-1A3956D46DE8}") = "HttpScenarios", "HttpScenarios", "{B3C4D5E6-F7A8-4B9C-8D0E-1F2A3B4C5D6E}"
	ProjectSection(SolutionItems) = preProject
		ECommerceApp.API\HttpScenarios\account-profile.http = ECommerceApp.API\HttpScenarios\account-profile.http
		ECommerceApp.API\HttpScenarios\catalog.http = ECommerceApp.API\HttpScenarios\catalog.http
		ECommerceApp.API\HttpScenarios\currencies.http = ECommerceApp.API\HttpScenarios\currencies.http
		ECommerceApp.API\HttpScenarios\inventory.http = ECommerceApp.API\HttpScenarios\inventory.http
		ECommerceApp.API\HttpScenarios\jobs.http = ECommerceApp.API\HttpScenarios\jobs.http
		ECommerceApp.API\HttpScenarios\payments.http = ECommerceApp.API\HttpScenarios\payments.http
		ECommerceApp.API\HttpScenarios\presale.http = ECommerceApp.API\HttpScenarios\presale.http
		ECommerceApp.API\HttpScenarios\refunds.http = ECommerceApp.API\HttpScenarios\refunds.http
		ECommerceApp.API\HttpScenarios\sales-orders.http = ECommerceApp.API\HttpScenarios\sales-orders.http
	EndProjectSection
EndProject
Project("{2150E333-8FDC-42A3-9474-1A3956D46DE8}") = "skills", "skills", "{2FBD2A37-7C7A-4EE9-87FD-DECAC3085916}"
EndProject
Project("{2150E333-8FDC-42A3-9474-1A3956D46DE8}") = "create-dbcontext", "create-dbcontext", "{454D908B-026B-44BF-BC5B-21687F7F3181}"
	ProjectSection(SolutionItems) = preProject
		.github\skills\create-dbcontext\SKILL.md = .github\skills\create-dbcontext\SKILL.md
	EndProjectSection
EndProject
Project("{2150E333-8FDC-42A3-9474-1A3956D46DE8}") = "create-di-extension", "create-di-extension", "{85AD127C-4128-4C3B-9BC1-9CA2EDA721A3}"
	ProjectSection(SolutionItems) = preProject
		.github\skills\create-di-extension\SKILL.md = .github\skills\create-di-extension\SKILL.md
	EndProjectSection
EndProject
Project("{2150E333-8FDC-42A3-9474-1A3956D46DE8}") = "create-domain-event", "create-domain-event", "{65AFD939-5CC2-4C42-9599-4B77A0DA4571}"
	ProjectSection(SolutionItems) = preProject
		.github\skills\create-domain-event\SKILL.md = .github\skills\create-domain-event\SKILL.md
	EndProjectSection
EndProject
Project("{2150E333-8FDC-42A3-9474-1A3956D46DE8}") = "create-ef-configuration", "create-ef-configuration", "{8845B7FC-77A8-4375-9474-5FC43CA45C77}"
	ProjectSection(SolutionItems) = preProject
		.github\skills\create-ef-configuration\SKILL.md = .github\skills\create-ef-configuration\SKILL.md
	EndProjectSection
EndProject
Project("{2150E333-8FDC-42A3-9474-1A3956D46DE8}") = "create-http-scenario", "create-http-scenario", "{D064447E-C0D6-44A5-AF64-8FB064F75ABA}"
	ProjectSection(SolutionItems) = preProject
		.github\skills\create-http-scenario\SKILL.md = .github\skills\create-http-scenario\SKILL.md
	EndProjectSection
EndProject
Project("{2150E333-8FDC-42A3-9474-1A3956D46DE8}") = "create-integration-test", "create-integration-test", "{3F4FB488-668E-45EE-BCE3-6A5B4B55B5C9}"
	ProjectSection(SolutionItems) = preProject
		.github\skills\create-integration-test\SKILL.md = .github\skills\create-integration-test\SKILL.md
	EndProjectSection
EndProject
Project("{2150E333-8FDC-42A3-9474-1A3956D46DE8}") = "create-unit-test", "create-unit-test", "{0812F74D-3AE1-492C-BFB1-2F8FFA4FC97A}"
	ProjectSection(SolutionItems) = preProject
		.github\skills\create-unit-test\SKILL.md = .github\skills\create-unit-test\SKILL.md
	EndProjectSection
EndProject
Project("{2150E333-8FDC-42A3-9474-1A3956D46DE8}") = "create-validator", "create-validator", "{F3E145DF-ADCD-4EFA-BC2C-8C4855A9E597}"
	ProjectSection(SolutionItems) = preProject
		.github\skills\create-validator\SKILL.md = .github\skills\create-validator\SKILL.md
	EndProjectSection
EndProject
Global
	GlobalSection(SolutionConfigurationPlatforms) = preSolution
		Debug|Any CPU = Debug|Any CPU
		Release|Any CPU = Release|Any CPU
	EndGlobalSection
	GlobalSection(ProjectConfigurationPlatforms) = postSolution
		{37AFE261-8798-4F38-AB9E-E24F319C7BE7}.Debug|Any CPU.ActiveCfg = Debug|Any CPU
		{37AFE261-8798-4F38-AB9E-E24F319C7BE7}.Debug|Any CPU.Build.0 = Debug|Any CPU
		{37AFE261-8798-4F38-AB9E-E24F319C7BE7}.Release|Any CPU.ActiveCfg = Release|Any CPU
		{37AFE261-8798-4F38-AB9E-E24F319C7BE7}.Release|Any CPU.Build.0 = Release|Any CPU
		{D5F1F7F5-15EE-401D-904B-59DEE87F31E9}.Debug|Any CPU.ActiveCfg = Debug|Any CPU
		{D5F1F7F5-15EE-401D-904B-59DEE87F31E9}.Debug|Any CPU.Build.0 = Debug|Any CPU
		{D5F1F7F5-15EE-401D-904B-59DEE87F31E9}.Release|Any CPU.ActiveCfg = Release|Any CPU
		{D5F1F7F5-15EE-401D-904B-59DEE87F31E9}.Release|Any CPU.Build.0 = Release|Any CPU
		{099C91A3-CAFA-4DE3-B284-ECF927D6DB1D}.Debug|Any CPU.ActiveCfg = Debug|Any CPU
		{099C91A3-CAFA-4DE3-B284-ECF927D6DB1D}.Debug|Any CPU.Build.0 = Debug|Any CPU
		{099C91A3-CAFA-4DE3-B284-ECF927D6DB1D}.Release|Any CPU.ActiveCfg = Release|Any CPU
		{099C91A3-CAFA-4DE3-B284-ECF927D6DB1D}.Release|Any CPU.Build.0 = Release|Any CPU
		{CDA8D652-A2F0-41C5-8F74-B93BE1128837}.Debug|Any CPU.ActiveCfg = Debug|Any CPU
		{CDA8D652-A2F0-41C5-8F74-B93BE1128837}.Debug|Any CPU.Build.0 = Debug|Any CPU
		{CDA8D652-A2F0-41C5-8F74-B93BE1128837}.Release|Any CPU.ActiveCfg = Release|Any CPU
		{CDA8D652-A2F0-41C5-8F74-B93BE1128837}.Release|Any CPU.Build.0 = Release|Any CPU
		{D0D6AAB7-0B70-467C-9952-F2D15EABC772}.Debug|Any CPU.ActiveCfg = Debug|Any CPU
		{D0D6AAB7-0B70-467C-9952-F2D15EABC772}.Debug|Any CPU.Build.0 = Debug|Any CPU
		{D0D6AAB7-0B70-467C-9952-F2D15EABC772}.Release|Any CPU.ActiveCfg = Release|Any CPU
		{D0D6AAB7-0B70-467C-9952-F2D15EABC772}.Release|Any CPU.Build.0 = Release|Any CPU
		{ED508D6F-6EE1-4ECC-A115-9F145645B377}.Debug|Any CPU.ActiveCfg = Debug|Any CPU
		{ED508D6F-6EE1-4ECC-A115-9F145645B377}.Debug|Any CPU.Build.0 = Debug|Any CPU
		{ED508D6F-6EE1-4ECC-A115-9F145645B377}.Release|Any CPU.ActiveCfg = Release|Any CPU
		{ED508D6F-6EE1-4ECC-A115-9F145645B377}.Release|Any CPU.Build.0 = Release|Any CPU
		{270EE226-CC66-4548-9BD1-469091FE8580}.Debug|Any CPU.ActiveCfg = Debug|Any CPU
		{270EE226-CC66-4548-9BD1-469091FE8580}.Debug|Any CPU.Build.0 = Debug|Any CPU
		{270EE226-CC66-4548-9BD1-469091FE8580}.Release|Any CPU.ActiveCfg = Release|Any CPU
		{270EE226-CC66-4548-9BD1-469091FE8580}.Release|Any CPU.Build.0 = Release|Any CPU
	EndGlobalSection
	GlobalSection(SolutionProperties) = preSolution
		HideSolutionNode = FALSE
	EndGlobalSection
	GlobalSection(NestedProjects) = preSolution
		{37AFE261-8798-4F38-AB9E-E24F319C7BE7} = {79A3F79E-4649-412E-8C1D-CEDBBFCA3148}
		{E366E209-FBED-44DB-A5CC-10CE7EAAD258} = {049E647F-D15D-4AFB-8AE6-DB2363C9F4D4}
		{9EE5FD2E-EFCD-49A0-A1DE-4D58D4DE35B1} = {049E647F-D15D-4AFB-8AE6-DB2363C9F4D4}
		{8414CA63-CBCE-4F01-962D-5EF94E8E9823} = {049E647F-D15D-4AFB-8AE6-DB2363C9F4D4}
		{10D50F1A-6B65-4B28-B3E1-B064B6EBF967} = {049E647F-D15D-4AFB-8AE6-DB2363C9F4D4}
		{79A3F79E-4649-412E-8C1D-CEDBBFCA3148} = {049E647F-D15D-4AFB-8AE6-DB2363C9F4D4}
		{D5F1F7F5-15EE-401D-904B-59DEE87F31E9} = {9EE5FD2E-EFCD-49A0-A1DE-4D58D4DE35B1}
		{099C91A3-CAFA-4DE3-B284-ECF927D6DB1D} = {E366E209-FBED-44DB-A5CC-10CE7EAAD258}
		{CDA8D652-A2F0-41C5-8F74-B93BE1128837} = {8414CA63-CBCE-4F01-962D-5EF94E8E9823}
		{D0D6AAB7-0B70-467C-9952-F2D15EABC772} = {10D50F1A-6B65-4B28-B3E1-B064B6EBF967}
		{ED508D6F-6EE1-4ECC-A115-9F145645B377} = {79A3F79E-4649-412E-8C1D-CEDBBFCA3148}
		{270EE226-CC66-4548-9BD1-469091FE8580} = {10D50F1A-6B65-4B28-B3E1-B064B6EBF967}
		{38F19132-871F-4C11-806B-B6FE77611219} = {02EA681E-C7D8-13C7-8484-4AC65E1B71E8}
		{6E1A68B1-6E1A-4C59-BBC0-26FE3199BB75} = {02EA681E-C7D8-13C7-8484-4AC65E1B71E8}
		{D2867909-022A-479A-A6F9-3CF92C8F518C} = {02EA681E-C7D8-13C7-8484-4AC65E1B71E8}
		{25B91C37-ECC3-46DC-8502-C91F85A1F7BC} = {908C6C00-47A3-455F-82C8-5BBECB045911}
		{5EC11768-8E47-4C89-9EBC-78E600311851} = {908C6C00-47A3-455F-82C8-5BBECB045911}
		{BAC45AC5-6905-4FAF-956C-CD73D03DB4BD} = {02EA681E-C7D8-13C7-8484-4AC65E1B71E8}
		{DB95CC21-7869-4EAC-8EB3-F5706D958E0A} = {908C6C00-47A3-455F-82C8-5BBECB045911}
		{8FA6F8D3-44D1-4AC3-9335-8B69F45EA3DD} = {908C6C00-47A3-455F-82C8-5BBECB045911}
		{1064B208-B85A-4013-8C84-597303D43282} = {02EA681E-C7D8-13C7-8484-4AC65E1B71E8}
		{A1B2C3D4-E5F6-7890-ABCD-EF1234567890} = {908C6C00-47A3-455F-82C8-5BBECB045911}
		{7C3E91A2-B4D5-4F68-9A1C-E2F30748D6B1} = {908C6C00-47A3-455F-82C8-5BBECB045911}
		{2FBD2A37-7C7A-4EE9-87FD-DECAC3085916} = {02EA681E-C7D8-13C7-8484-4AC65E1B71E8}
		{454D908B-026B-44BF-BC5B-21687F7F3181} = {2FBD2A37-7C7A-4EE9-87FD-DECAC3085916}
		{85AD127C-4128-4C3B-9BC1-9CA2EDA721A3} = {2FBD2A37-7C7A-4EE9-87FD-DECAC3085916}
		{65AFD939-5CC2-4C42-9599-4B77A0DA4571} = {2FBD2A37-7C7A-4EE9-87FD-DECAC3085916}
		{8845B7FC-77A8-4375-9474-5FC43CA45C77} = {2FBD2A37-7C7A-4EE9-87FD-DECAC3085916}
		{D064447E-C0D6-44A5-AF64-8FB064F75ABA} = {2FBD2A37-7C7A-4EE9-87FD-DECAC3085916}
		{3F4FB488-668E-45EE-BCE3-6A5B4B55B5C9} = {2FBD2A37-7C7A-4EE9-87FD-DECAC3085916}
		{0812F74D-3AE1-492C-BFB1-2F8FFA4FC97A} = {2FBD2A37-7C7A-4EE9-87FD-DECAC3085916}
		{F3E145DF-ADCD-4EFA-BC2C-8C4855A9E597} = {2FBD2A37-7C7A-4EE9-87FD-DECAC3085916}
	EndGlobalSection
	GlobalSection(ExtensibilityGlobals) = postSolution
		SolutionGuid = {C833E166-660D-4E9D-85E1-0ED811E2828E}
	EndGlobalSection
EndGlobal
