Microsoft Visual Studio Solution File, Format Version 12.00
# Visual Studio Version 18
VisualStudioVersion = 18.2.11415.280
MinimumVisualStudioVersion = 10.0.40219.1
Project("{9A19103F-16F7-4668-BE54-9A1E7A4F7556}") = "ECommerceApp.Web", "ECommerceApp.Web\ECommerceApp.Web.csproj", "{37AFE261-8798-4F38-AB9E-E24F319C7BE7}"
EndProject
Project("{2150E333-8FDC-42A3-9474-1A3956D46DE8}") = "Domain", "Domain", "{E366E209-FBED-44DB-A5CC-10CE7EAAD258}"
EndProject
Project("{2150E333-8FDC-42A3-9474-1A3956D46DE8}") = "Application", "Application", "{9EE5FD2E-EFCD-49A0-A1DE-4D58D4DE35B1}"
EndProject
Project("{2150E333-8FDC-42A3-9474-1A3956D46DE8}") = "Infrastructure", "Infrastructure", "{8414CA63-CBCE-4F01-962D-5EF94E8E9823}"
EndProject
Project("{2150E333-8FDC-42A3-9474-1A3956D46DE8}") = "Test", "Test", "{10D50F1A-6B65-4B28-B3E1-B064B6EBF967}"
EndProject
Project("{2150E333-8FDC-42A3-9474-1A3956D46DE8}") = "UI", "UI", "{79A3F79E-4649-412E-8C1D-CEDBBFCA3148}"
EndProject
Project("{9A19103F-16F7-4668-BE54-9A1E7A4F7556}") = "ECommerceApp.Application", "ECommerceApp.Application\ECommerceApp.Application.csproj", "{D5F1F7F5-15EE-401D-904B-59DEE87F31E9}"
EndProject
Project("{9A19103F-16F7-4668-BE54-9A1E7A4F7556}") = "ECommerceApp.Domain", "ECommerceApp.Domain\ECommerceApp.Domain.csproj", "{099C91A3-CAFA-4DE3-B284-ECF927D6DB1D}"
EndProject
Project("{9A19103F-16F7-4668-BE54-9A1E7A4F7556}") = "ECommerceApp.Infrastructure", "ECommerceApp.Infrastructure\ECommerceApp.Infrastructure.csproj", "{CDA8D652-A2F0-41C5-8F74-B93BE1128837}"
EndProject
Project("{9A19103F-16F7-4668-BE54-9A1E7A4F7556}") = "ECommerceApp.UnitTests", "ECommerceApp.UnitTests\ECommerceApp.UnitTests.csproj", "{D0D6AAB7-0B70-467C-9952-F2D15EABC772}"
EndProject
Project("{9A19103F-16F7-4668-BE54-9A1E7A4F7556}") = "ECommerceApp.API", "ECommerceApp.API\ECommerceApp.API.csproj", "{ED508D6F-6EE1-4ECC-A115-9F145645B377}"
EndProject
Project("{FAE04EC0-301F-11D3-BF4B-00C04F79EFBC}") = "ECommerceApp.IntegrationTests", "ECommerceApp.IntegrationTests\ECommerceApp.IntegrationTests.csproj", "{270EE226-CC66-4548-9BD1-469091FE8580}"
EndProject
Project("{2150E333-8FDC-42A3-9474-1A3956D46DE8}") = "Copilot", "Copilot", "{02EA681E-C7D8-13C7-8484-4AC65E1B71E8}"
	ProjectSection(SolutionItems) = preProject
		.github\AGENT-PIPELINE.md = .github\AGENT-PIPELINE.md
		.github\copilot-instructions.md = .github\copilot-instructions.md
		.github\COPILOT-SETUP-CHANGELOG.md = .github\COPILOT-SETUP-CHANGELOG.md
		.github\copilot\mcp.json = .github\copilot\mcp.json
	EndProjectSection
EndProject
Project("{2150E333-8FDC-42A3-9474-1A3956D46DE8}") = "instructions", "instructions", "{38F19132-871F-4C11-806B-B6FE77611219}"
	ProjectSection(SolutionItems) = preProject
		.github\instructions\docs-index.instructions.md = .github\instructions\docs-index.instructions.md
		.github\instructions\dotnet.instructions.md = .github\instructions\dotnet.instructions.md
		.github\instructions\efcore.instructions.md = .github\instructions\efcore.instructions.md
		.github\instructions\frontend.instructions.md = .github\instructions\frontend.instructions.md
		.github\instructions\migration-policy.instructions.md = .github\instructions\migration-policy.instructions.md
		.github\instructions\pre-edit.instructions.md = .github\instructions\pre-edit.instructions.md
		.github\instructions\doc-suggestions.instructions.md = .github\instructions\doc-suggestions.instructions.md
		.github\instructions\agent-memory.instructions.md = .github\instructions\agent-memory.instructions.md
		.github\instructions\bc-adr-map.instructions.md = .github\instructions\bc-adr-map.instructions.md
		.github\instructions\copilot-config-sync.instructions.md = .github\instructions\copilot-config-sync.instructions.md
		.github\instructions\rag.instructions.md = .github\instructions\rag.instructions.md
		.github\instructions\razorpages.instructions.md = .github\instructions\razorpages.instructions.md
		.github\instructions\safety.instructions.md = .github\instructions\safety.instructions.md
		.github\instructions\shared-primitives.instructions.md = .github\instructions\shared-primitives.instructions.md
		.github\instructions\testing.instructions.md = .github\instructions\testing.instructions.md
		.github\instructions\web-api.instructions.md = .github\instructions\web-api.instructions.md
	EndProjectSection
EndProject
Project("{2150E333-8FDC-42A3-9474-1A3956D46DE8}") = "templates", "templates", "{6E1A68B1-6E1A-4C59-BBC0-26FE3199BB75}"
	ProjectSection(SolutionItems) = preProject
		.github\templates\adr.template.md = .github\templates\adr.template.md
	EndProjectSection
EndProject
Project("{2150E333-8FDC-42A3-9474-1A3956D46DE8}") = "agents", "agents", "{D2867909-022A-479A-A6F9-3CF92C8F518C}"
	ProjectSection(SolutionItems) = preProject
		.github\agents\adr-generator.md = .github\agents\adr-generator.md
		.github\agents\bc-switch.md = .github\agents\bc-switch.md
		.github\agents\code-reviewer.md = .github\agents\code-reviewer.md
		.github\agents\copilot-setup-maintainer.md = .github\agents\copilot-setup-maintainer.md
		.github\agents\implementer.md = .github\agents\implementer.md
		.github\agents\planner.md = .github\agents\planner.md
		.github\agents\pr-commit.md = .github\agents\pr-commit.md
		.github\agents\verifier.md = .github\agents\verifier.md
	EndProjectSection
EndProject
Project("{2150E333-8FDC-42A3-9474-1A3956D46DE8}") = "docs", "docs", "{908C6C00-47A3-455F-82C8-5BBECB045911}"
	ProjectSection(SolutionItems) = preProject
		docs\README.md = docs\README.md
		docs\rag\README.md = docs\rag\README.md
	EndProjectSection
EndProject
Project("{2150E333-8FDC-42A3-9474-1A3956D46DE8}") = "adr", "adr", "{25B91C37-ECC3-46DC-8502-C91F85A1F7BC}"
EndProject
Project("{2150E333-8FDC-42A3-9474-1A3956D46DE8}") = "0001", "0001", "{00010000-0000-0000-0000-000000000001}"
	ProjectSection(SolutionItems) = preProject
		docs\adr\0001\0001-project-overview-and-technology-stack.md = docs\adr\0001\0001-project-overview-and-technology-stack.md
		docs\adr\0001\README.md = docs\adr\0001\README.md
		docs\adr\0001\checklist.md = docs\adr\0001\checklist.md
		docs\adr\0001\migration-plan.md = docs\adr\0001\migration-plan.md
	EndProjectSection
EndProject
Project("{2150E333-8FDC-42A3-9474-1A3956D46DE8}") = "0002", "0002", "{00020000-0000-0000-0000-000000000002}"
	ProjectSection(SolutionItems) = preProject
		docs\adr\0002\0002-post-event-storming-architectural-evolution-strategy.md = docs\adr\0002\0002-post-event-storming-architectural-evolution-strategy.md
		docs\adr\0002\README.md = docs\adr\0002\README.md
		docs\adr\0002\checklist.md = docs\adr\0002\checklist.md
		docs\adr\0002\migration-plan.md = docs\adr\0002\migration-plan.md
	EndProjectSection
EndProject
Project("{2150E333-8FDC-42A3-9474-1A3956D46DE8}") = "0003", "0003", "{00030000-0000-0000-0000-000000000003}"
	ProjectSection(SolutionItems) = preProject
		docs\adr\0003\0003-feature-folder-organization-for-new-bounded-context-code.md = docs\adr\0003\0003-feature-folder-organization-for-new-bounded-context-code.md
		docs\adr\0003\README.md = docs\adr\0003\README.md
		docs\adr\0003\checklist.md = docs\adr\0003\checklist.md
		docs\adr\0003\migration-plan.md = docs\adr\0003\migration-plan.md
	EndProjectSection
EndProject
Project("{2150E333-8FDC-42A3-9474-1A3956D46DE8}") = "example-implementation", "example-implementation", "{0003E001-0000-0000-0000-000000000003}"
	ProjectSection(SolutionItems) = preProject
		docs\adr\0003\example-implementation\bc-folder-structure-example.md = docs\adr\0003\example-implementation\bc-folder-structure-example.md
	EndProjectSection
EndProject
Project("{2150E333-8FDC-42A3-9474-1A3956D46DE8}") = "0004", "0004", "{00040000-0000-0000-0000-000000000004}"
	ProjectSection(SolutionItems) = preProject
		docs\adr\0004\0004-module-taxonomy-and-bounded-context-grouping.md = docs\adr\0004\0004-module-taxonomy-and-bounded-context-grouping.md
		docs\adr\0004\README.md = docs\adr\0004\README.md
		docs\adr\0004\checklist.md = docs\adr\0004\checklist.md
		docs\adr\0004\migration-plan.md = docs\adr\0004\migration-plan.md
	EndProjectSection
EndProject
Project("{2150E333-8FDC-42A3-9474-1A3956D46DE8}") = "0005", "0005", "{00050000-0000-0000-0000-000000000005}"
	ProjectSection(SolutionItems) = preProject
		docs\adr\0005\0005-accountprofile-bc-userprofile-aggregate-design.md = docs\adr\0005\0005-accountprofile-bc-userprofile-aggregate-design.md
		docs\adr\0005\README.md = docs\adr\0005\README.md
		docs\adr\0005\checklist.md = docs\adr\0005\checklist.md
		docs\adr\0005\migration-plan.md = docs\adr\0005\migration-plan.md
	EndProjectSection
EndProject
Project("{2150E333-8FDC-42A3-9474-1A3956D46DE8}") = "0006", "0006", "{00060000-0000-0000-0000-000000000006}"
	ProjectSection(SolutionItems) = preProject
		docs\adr\0006\0006-typedid-and-value-objects-as-shared-domain-primitives.md = docs\adr\0006\0006-typedid-and-value-objects-as-shared-domain-primitives.md
		docs\adr\0006\README.md = docs\adr\0006\README.md
		docs\adr\0006\checklist.md = docs\adr\0006\checklist.md
		docs\adr\0006\migration-plan.md = docs\adr\0006\migration-plan.md
	EndProjectSection
EndProject
Project("{2150E333-8FDC-42A3-9474-1A3956D46DE8}") = "example-implementation", "example-implementation", "{0006E001-0000-0000-0000-000000000006}"
	ProjectSection(SolutionItems) = preProject
		docs\adr\0006\example-implementation\typedid-usage-examples.md = docs\adr\0006\example-implementation\typedid-usage-examples.md
		docs\adr\0006\example-implementation\value-object-patterns.md = docs\adr\0006\example-implementation\value-object-patterns.md
	EndProjectSection
EndProject
Project("{2150E333-8FDC-42A3-9474-1A3956D46DE8}") = "0007", "0007", "{00070000-0000-0000-0000-000000000007}"
	ProjectSection(SolutionItems) = preProject
		docs\adr\0007\0007-catalog-bc-product-category-tag-aggregate-design.md = docs\adr\0007\0007-catalog-bc-product-category-tag-aggregate-design.md
		docs\adr\0007\README.md = docs\adr\0007\README.md
		docs\adr\0007\checklist.md = docs\adr\0007\checklist.md
		docs\adr\0007\migration-plan.md = docs\adr\0007\migration-plan.md
	EndProjectSection
EndProject
Project("{2150E333-8FDC-42A3-9474-1A3956D46DE8}") = "example-implementation", "example-implementation", "{0007E001-0000-0000-0000-000000000007}"
	ProjectSection(SolutionItems) = preProject
		docs\adr\0007\example-implementation\product-aggregate-usage.md = docs\adr\0007\example-implementation\product-aggregate-usage.md
	EndProjectSection
EndProject
Project("{2150E333-8FDC-42A3-9474-1A3956D46DE8}") = "0008", "0008", "{00080000-0000-0000-0000-000000000008}"
	ProjectSection(SolutionItems) = preProject
		docs\adr\0008\0008-supporting-currencies-bc-design.md = docs\adr\0008\0008-supporting-currencies-bc-design.md
		docs\adr\0008\README.md = docs\adr\0008\README.md
		docs\adr\0008\checklist.md = docs\adr\0008\checklist.md
		docs\adr\0008\migration-plan.md = docs\adr\0008\migration-plan.md
	EndProjectSection
EndProject
Project("{2150E333-8FDC-42A3-9474-1A3956D46DE8}") = "example-implementation", "example-implementation", "{0008E001-0000-0000-0000-000000000008}"
	ProjectSection(SolutionItems) = preProject
		docs\adr\0008\example-implementation\nbp-api-integration.md = docs\adr\0008\example-implementation\nbp-api-integration.md
	EndProjectSection
EndProject
Project("{2150E333-8FDC-42A3-9474-1A3956D46DE8}") = "0009", "0009", "{00090000-0000-0000-0000-000000000009}"
	ProjectSection(SolutionItems) = preProject
		docs\adr\0009\0009-supporting-timemanagement-bc-design.md = docs\adr\0009\0009-supporting-timemanagement-bc-design.md
		docs\adr\0009\README.md = docs\adr\0009\README.md
		docs\adr\0009\checklist.md = docs\adr\0009\checklist.md
		docs\adr\0009\migration-plan.md = docs\adr\0009\migration-plan.md
	EndProjectSection
EndProject
Project("{2150E333-8FDC-42A3-9474-1A3956D46DE8}") = "amendments", "amendments", "{0009A001-0000-0000-0000-000000000009}"
	ProjectSection(SolutionItems) = preProject
		docs\adr\0009\amendments\a1-design-revisions.md = docs\adr\0009\amendments\a1-design-revisions.md
	EndProjectSection
EndProject
Project("{2150E333-8FDC-42A3-9474-1A3956D46DE8}") = "example-implementation", "example-implementation", "{0009E001-0000-0000-0000-000000000009}"
	ProjectSection(SolutionItems) = preProject
		docs\adr\0009\example-implementation\ischeduledtask-implementation.md = docs\adr\0009\example-implementation\ischeduledtask-implementation.md
		docs\adr\0009\example-implementation\ideferred-job-scheduler-usage.md = docs\adr\0009\example-implementation\ideferred-job-scheduler-usage.md
		docs\adr\0009\example-implementation\job-registration-di.md = docs\adr\0009\example-implementation\job-registration-di.md
	EndProjectSection
EndProject
Project("{2150E333-8FDC-42A3-9474-1A3956D46DE8}") = "0010", "0010", "{00100000-0000-0000-0000-000000000010}"
	ProjectSection(SolutionItems) = preProject
		docs\adr\0010\0010-in-memory-message-broker-for-cross-bc-communication.md = docs\adr\0010\0010-in-memory-message-broker-for-cross-bc-communication.md
		docs\adr\0010\README.md = docs\adr\0010\README.md
		docs\adr\0010\checklist.md = docs\adr\0010\checklist.md
		docs\adr\0010\migration-plan.md = docs\adr\0010\migration-plan.md
	EndProjectSection
EndProject
Project("{2150E333-8FDC-42A3-9474-1A3956D46DE8}") = "amendments", "amendments", "{0010A001-0000-0000-0000-000000000010}"
	ProjectSection(SolutionItems) = preProject
		docs\adr\0010\amendments\a1-retry-observability-configuration.md = docs\adr\0010\amendments\a1-retry-observability-configuration.md
	EndProjectSection
EndProject
Project("{2150E333-8FDC-42A3-9474-1A3956D46DE8}") = "example-implementation", "example-implementation", "{0010E001-0000-0000-0000-000000000010}"
	ProjectSection(SolutionItems) = preProject
		docs\adr\0010\example-implementation\publish-message-example.md = docs\adr\0010\example-implementation\publish-message-example.md
		docs\adr\0010\example-implementation\register-handler-example.md = docs\adr\0010\example-implementation\register-handler-example.md
		docs\adr\0010\example-implementation\multi-handler-pattern.md = docs\adr\0010\example-implementation\multi-handler-pattern.md
	EndProjectSection
EndProject
Project("{2150E333-8FDC-42A3-9474-1A3956D46DE8}") = "0011", "0011", "{00110000-0000-0000-0000-000000000011}"
	ProjectSection(SolutionItems) = preProject
		docs\adr\0011\0011-inventory-availability-bc-design.md = docs\adr\0011\0011-inventory-availability-bc-design.md
		docs\adr\0011\README.md = docs\adr\0011\README.md
		docs\adr\0011\checklist.md = docs\adr\0011\checklist.md
		docs\adr\0011\migration-plan.md = docs\adr\0011\migration-plan.md
	EndProjectSection
EndProject
Project("{2150E333-8FDC-42A3-9474-1A3956D46DE8}") = "amendments", "amendments", "{0011A001-0000-0000-0000-000000000011}"
	ProjectSection(SolutionItems) = preProject
		docs\adr\0011\amendments\a1-fulfillment-message-consumption.md = docs\adr\0011\amendments\a1-fulfillment-message-consumption.md
	EndProjectSection
EndProject
Project("{2150E333-8FDC-42A3-9474-1A3956D46DE8}") = "example-implementation", "example-implementation", "{0011E001-0000-0000-0000-000000000011}"
	ProjectSection(SolutionItems) = preProject
		docs\adr\0011\example-implementation\stock-adjustment-algorithm.md = docs\adr\0011\example-implementation\stock-adjustment-algorithm.md
		docs\adr\0011\example-implementation\two-phase-reservation-flow.md = docs\adr\0011\example-implementation\two-phase-reservation-flow.md
		docs\adr\0011\example-implementation\cross-bc-message-wiring.md = docs\adr\0011\example-implementation\cross-bc-message-wiring.md
	EndProjectSection
EndProject
Project("{2150E333-8FDC-42A3-9474-1A3956D46DE8}") = "0012", "0012", "{00120000-0000-0000-0000-000000000012}"
	ProjectSection(SolutionItems) = preProject
		docs\adr\0012\0012-presale-checkout-bc-design.md = docs\adr\0012\0012-presale-checkout-bc-design.md
		docs\adr\0012\README.md = docs\adr\0012\README.md
		docs\adr\0012\checklist.md = docs\adr\0012\checklist.md
		docs\adr\0012\migration-plan.md = docs\adr\0012\migration-plan.md
	EndProjectSection
EndProject
Project("{2150E333-8FDC-42A3-9474-1A3956D46DE8}") = "example-implementation", "example-implementation", "{0012E001-0000-0000-0000-000000000012}"
	ProjectSection(SolutionItems) = preProject
		docs\adr\0012\example-implementation\checkout-confirm-flow.md = docs\adr\0012\example-implementation\checkout-confirm-flow.md
		docs\adr\0012\example-implementation\soft-reservation-lifecycle.md = docs\adr\0012\example-implementation\soft-reservation-lifecycle.md
		docs\adr\0012\example-implementation\price-change-detection.md = docs\adr\0012\example-implementation\price-change-detection.md
	EndProjectSection
EndProject
Project("{2150E333-8FDC-42A3-9474-1A3956D46DE8}") = "0013", "0013", "{00130000-0000-0000-0000-000000000013}"
	ProjectSection(SolutionItems) = preProject
		docs\adr\0013\0013-per-bc-dbcontext-interfaces.md = docs\adr\0013\0013-per-bc-dbcontext-interfaces.md
		docs\adr\0013\README.md = docs\adr\0013\README.md
		docs\adr\0013\checklist.md = docs\adr\0013\checklist.md
		docs\adr\0013\migration-plan.md = docs\adr\0013\migration-plan.md
	EndProjectSection
EndProject
Project("{2150E333-8FDC-42A3-9474-1A3956D46DE8}") = "example-implementation", "example-implementation", "{0013E001-0000-0000-0000-000000000013}"
	ProjectSection(SolutionItems) = preProject
		docs\adr\0013\example-implementation\dbcontext-interface-pattern.md = docs\adr\0013\example-implementation\dbcontext-interface-pattern.md
	EndProjectSection
EndProject
Project("{2150E333-8FDC-42A3-9474-1A3956D46DE8}") = "0014", "0014", "{00140000-0000-0000-0000-000000000014}"
	ProjectSection(SolutionItems) = preProject
		docs\adr\0014\0014-sales-orders-bc-design.md = docs\adr\0014\0014-sales-orders-bc-design.md
		docs\adr\0014\README.md = docs\adr\0014\README.md
		docs\adr\0014\checklist.md = docs\adr\0014\checklist.md
		docs\adr\0014\migration-plan.md = docs\adr\0014\migration-plan.md
	EndProjectSection
EndProject
Project("{2150E333-8FDC-42A3-9474-1A3956D46DE8}") = "amendments", "amendments", "{0014A001-0000-0000-0000-000000000014}"
	ProjectSection(SolutionItems) = preProject
		docs\adr\0014\amendments\a1-order-status-lifecycle.md = docs\adr\0014\amendments\a1-order-status-lifecycle.md
		docs\adr\0014\amendments\a2-event-payload-records.md = docs\adr\0014\amendments\a2-event-payload-records.md
		docs\adr\0014\amendments\a3-integration-flow-decisions.md = docs\adr\0014\amendments\a3-integration-flow-decisions.md
		docs\adr\0014\amendments\a4-operator-notifications.md = docs\adr\0014\amendments\a4-operator-notifications.md
	EndProjectSection
EndProject
Project("{2150E333-8FDC-42A3-9474-1A3956D46DE8}") = "example-implementation", "example-implementation", "{0014E001-0000-0000-0000-000000000014}"
	ProjectSection(SolutionItems) = preProject
		docs\adr\0014\example-implementation\order-aggregate-usage.md = docs\adr\0014\example-implementation\order-aggregate-usage.md
		docs\adr\0014\example-implementation\place-order-flow.md = docs\adr\0014\example-implementation\place-order-flow.md
		docs\adr\0014\example-implementation\result-handling-pattern.md = docs\adr\0014\example-implementation\result-handling-pattern.md
		docs\adr\0014\example-implementation\order-product-snapshot.md = docs\adr\0014\example-implementation\order-product-snapshot.md
	EndProjectSection
EndProject
Project("{2150E333-8FDC-42A3-9474-1A3956D46DE8}") = "0015", "0015", "{00150000-0000-0000-0000-000000000015}"
	ProjectSection(SolutionItems) = preProject
		docs\adr\0015\0015-sales-payments-bc-design.md = docs\adr\0015\0015-sales-payments-bc-design.md
		docs\adr\0015\README.md = docs\adr\0015\README.md
		docs\adr\0015\checklist.md = docs\adr\0015\checklist.md
		docs\adr\0015\migration-plan.md = docs\adr\0015\migration-plan.md
	EndProjectSection
EndProject
Project("{2150E333-8FDC-42A3-9474-1A3956D46DE8}") = "example-implementation", "example-implementation", "{0015E001-0000-0000-0000-000000000015}"
	ProjectSection(SolutionItems) = preProject
		docs\adr\0015\example-implementation\payment-state-machine.md = docs\adr\0015\example-implementation\payment-state-machine.md
		docs\adr\0015\example-implementation\payment-window-expiry-flow.md = docs\adr\0015\example-implementation\payment-window-expiry-flow.md
		docs\adr\0015\example-implementation\order-cancel-flow.md = docs\adr\0015\example-implementation\order-cancel-flow.md
	EndProjectSection
EndProject
Project("{2150E333-8FDC-42A3-9474-1A3956D46DE8}") = "0016", "0016", "{00160000-0000-0000-0000-000000000016}"
	ProjectSection(SolutionItems) = preProject
		docs\adr\0016\0016-sales-coupons-bc-design.md = docs\adr\0016\0016-sales-coupons-bc-design.md
		docs\adr\0016\README.md = docs\adr\0016\README.md
		docs\adr\0016\checklist.md = docs\adr\0016\checklist.md
		docs\adr\0016\migration-plan.md = docs\adr\0016\migration-plan.md
	EndProjectSection
EndProject
Project("{2150E333-8FDC-42A3-9474-1A3956D46DE8}") = "amendments", "amendments", "{0016A001-0000-0000-0000-000000000016}"
	ProjectSection(SolutionItems) = preProject
		docs\adr\0016\amendments\a1-oversize-guard-and-catalog-name-sync.md = docs\adr\0016\amendments\a1-oversize-guard-and-catalog-name-sync.md
	EndProjectSection
EndProject
Project("{2150E333-8FDC-42A3-9474-1A3956D46DE8}") = "example-implementation", "example-implementation", "{0016E001-0000-0000-0000-000000000016}"
	ProjectSection(SolutionItems) = preProject
		docs\adr\0016\example-implementation\apply-coupon-flow.md = docs\adr\0016\example-implementation\apply-coupon-flow.md
		docs\adr\0016\example-implementation\new-coupon-rule-guide.md = docs\adr\0016\example-implementation\new-coupon-rule-guide.md
		docs\adr\0016\example-implementation\coupon-evaluation-context.md = docs\adr\0016\example-implementation\coupon-evaluation-context.md
	EndProjectSection
EndProject
Project("{2150E333-8FDC-42A3-9474-1A3956D46DE8}") = "0017", "0017", "{00170000-0000-0000-0000-000000000017}"
	ProjectSection(SolutionItems) = preProject
		docs\adr\0017\0017-sales-fulfillment-bc-design.md = docs\adr\0017\0017-sales-fulfillment-bc-design.md
		docs\adr\0017\README.md = docs\adr\0017\README.md
		docs\adr\0017\checklist.md = docs\adr\0017\checklist.md
		docs\adr\0017\migration-plan.md = docs\adr\0017\migration-plan.md
	EndProjectSection
EndProject
Project("{2150E333-8FDC-42A3-9474-1A3956D46DE8}") = "amendments", "amendments", "{0017A001-0000-0000-0000-000000000017}"
	ProjectSection(SolutionItems) = preProject
		docs\adr\0017\amendments\a1-shipment-integration-and-fanout.md = docs\adr\0017\amendments\a1-shipment-integration-and-fanout.md
	EndProjectSection
EndProject
Project("{2150E333-8FDC-42A3-9474-1A3956D46DE8}") = "example-implementation", "example-implementation", "{0017E001-0000-0000-0000-000000000017}"
	ProjectSection(SolutionItems) = preProject
		docs\adr\0017\example-implementation\refund-lifecycle-flow.md = docs\adr\0017\example-implementation\refund-lifecycle-flow.md
		docs\adr\0017\example-implementation\shipment-dispatch-flow.md = docs\adr\0017\example-implementation\shipment-dispatch-flow.md
	EndProjectSection
EndProject
Project("{2150E333-8FDC-42A3-9474-1A3956D46DE8}") = "0018", "0018", "{00180000-0000-0000-0000-000000000018}"
	ProjectSection(SolutionItems) = preProject
		docs\adr\0018\0018-supporting-communication-bc-design.md = docs\adr\0018\0018-supporting-communication-bc-design.md
		docs\adr\0018\README.md = docs\adr\0018\README.md
		docs\adr\0018\checklist.md = docs\adr\0018\checklist.md
		docs\adr\0018\migration-plan.md = docs\adr\0018\migration-plan.md
	EndProjectSection
EndProject
Project("{2150E333-8FDC-42A3-9474-1A3956D46DE8}") = "0019", "0019", "{00190000-0000-0000-0000-000000000019}"
	ProjectSection(SolutionItems) = preProject
		docs\adr\0019\0019-identity-iam-bc-design.md = docs\adr\0019\0019-identity-iam-bc-design.md
		docs\adr\0019\README.md = docs\adr\0019\README.md
		docs\adr\0019\checklist.md = docs\adr\0019\checklist.md
		docs\adr\0019\migration-plan.md = docs\adr\0019\migration-plan.md
	EndProjectSection
EndProject
Project("{2150E333-8FDC-42A3-9474-1A3956D46DE8}") = "0020", "0020", "{00200000-0000-0000-0000-000000000020}"
	ProjectSection(SolutionItems) = preProject
		docs\adr\0020\0020-backoffice-bc-design.md = docs\adr\0020\0020-backoffice-bc-design.md
		docs\adr\0020\README.md = docs\adr\0020\README.md
		docs\adr\0020\checklist.md = docs\adr\0020\checklist.md
		docs\adr\0020\migration-plan.md = docs\adr\0020\migration-plan.md
	EndProjectSection
EndProject
Project("{2150E333-8FDC-42A3-9474-1A3956D46DE8}") = "0021", "0021", "{00210000-0000-0000-0000-000000000021}"
	ProjectSection(SolutionItems) = preProject
		docs\adr\0021\0021-frontend-error-pipeline-and-js-migration-strategy.md = docs\adr\0021\0021-frontend-error-pipeline-and-js-migration-strategy.md
		docs\adr\0021\README.md = docs\adr\0021\README.md
		docs\adr\0021\checklist.md = docs\adr\0021\checklist.md
		docs\adr\0021\migration-plan.md = docs\adr\0021\migration-plan.md
	EndProjectSection
EndProject
Project("{2150E333-8FDC-42A3-9474-1A3956D46DE8}") = "example-implementation", "example-implementation", "{0021E001-0000-0000-0000-000000000021}"
	ProjectSection(SolutionItems) = preProject
		docs\adr\0021\example-implementation\fetch-first-pattern.md = docs\adr\0021\example-implementation\fetch-first-pattern.md
	EndProjectSection
EndProject
Project("{2150E333-8FDC-42A3-9474-1A3956D46DE8}") = "0022", "0022", "{00220000-0000-0000-0000-000000000022}"
	ProjectSection(SolutionItems) = preProject
		docs\adr\0022\0022-navbar-two-tier-redesign.md = docs\adr\0022\0022-navbar-two-tier-redesign.md
		docs\adr\0022\README.md = docs\adr\0022\README.md
		docs\adr\0022\checklist.md = docs\adr\0022\checklist.md
		docs\adr\0022\migration-plan.md = docs\adr\0022\migration-plan.md
	EndProjectSection
EndProject
Project("{2150E333-8FDC-42A3-9474-1A3956D46DE8}") = "example-implementation", "example-implementation", "{0022E001-0000-0000-0000-000000000022}"
	ProjectSection(SolutionItems) = preProject
		docs\adr\0022\example-implementation\navbar-razor-partial.md = docs\adr\0022\example-implementation\navbar-razor-partial.md
	EndProjectSection
EndProject
Project("{2150E333-8FDC-42A3-9474-1A3956D46DE8}") = "0023", "0023", "{00230000-0000-0000-0000-000000000023}"
	ProjectSection(SolutionItems) = preProject
		docs\adr\0023\0023-bootstrap-5-upgrade.md = docs\adr\0023\0023-bootstrap-5-upgrade.md
		docs\adr\0023\README.md = docs\adr\0023\README.md
		docs\adr\0023\checklist.md = docs\adr\0023\checklist.md
		docs\adr\0023\migration-plan.md = docs\adr\0023\migration-plan.md
	EndProjectSection
EndProject
Project("{2150E333-8FDC-42A3-9474-1A3956D46DE8}") = "example-implementation", "example-implementation", "{0023E001-0000-0000-0000-000000000023}"
	ProjectSection(SolutionItems) = preProject
		docs\adr\0023\example-implementation\bs5-component-migration.md = docs\adr\0023\example-implementation\bs5-component-migration.md
	EndProjectSection
EndProject
Project("{2150E333-8FDC-42A3-9474-1A3956D46DE8}") = "0024", "0024", "{00240000-0000-0000-0000-000000000024}"
	ProjectSection(SolutionItems) = preProject
		docs\adr\0024\0024-controller-routing-strategy.md = docs\adr\0024\0024-controller-routing-strategy.md
		docs\adr\0024\README.md = docs\adr\0024\README.md
		docs\adr\0024\checklist.md = docs\adr\0024\checklist.md
		docs\adr\0024\migration-plan.md = docs\adr\0024\migration-plan.md
	EndProjectSection
EndProject
Project("{2150E333-8FDC-42A3-9474-1A3956D46DE8}") = "example-implementation", "example-implementation", "{0024E001-0000-0000-0000-000000000024}"
	ProjectSection(SolutionItems) = preProject
		docs\adr\0024\example-implementation\area-routing-examples.md = docs\adr\0024\example-implementation\area-routing-examples.md
	EndProjectSection
EndProject
Project("{2150E333-8FDC-42A3-9474-1A3956D46DE8}") = "0025", "0025", "{00250000-0000-0000-0000-000000000025}"
	ProjectSection(SolutionItems) = preProject
		docs\adr\0025\0025-api-tiered-access-trusted-purchase-policy.md = docs\adr\0025\0025-api-tiered-access-trusted-purchase-policy.md
		docs\adr\0025\README.md = docs\adr\0025\README.md
		docs\adr\0025\migration-plan.md = docs\adr\0025\migration-plan.md
	EndProjectSection
EndProject
Project("{2150E333-8FDC-42A3-9474-1A3956D46DE8}") = "0026", "0026", "{00260000-0000-0000-0000-000000000026}"
	ProjectSection(SolutionItems) = preProject
		docs\adr\0026\0026-order-lifecycle-saga.md = docs\adr\0026\0026-order-lifecycle-saga.md
		docs\adr\0026\README.md = docs\adr\0026\README.md
	EndProjectSection
EndProject
Project("{2150E333-8FDC-42A3-9474-1A3956D46DE8}") = "ECommerce", "ECommerce", "{049E647F-D15D-4AFB-8AE6-DB2363C9F4D4}"
EndProject
Project("{2150E333-8FDC-42A3-9474-1A3956D46DE8}") = "architecture", "architecture", "{5EC11768-8E47-4C89-9EBC-78E600311851}"
	ProjectSection(SolutionItems) = preProject
		docs\architecture\bounded-context-map.md = docs\architecture\bounded-context-map.md
	EndProjectSection
EndProject
Project("{2150E333-8FDC-42A3-9474-1A3956D46DE8}") = "prompts", "prompts", "{BAC45AC5-6905-4FAF-956C-CD73D03DB4BD}"
	ProjectSection(SolutionItems) = preProject
		.github\prompts\bc-analysis.prompt.md = .github\prompts\bc-analysis.prompt.md
		.github\prompts\bc-implementation.prompt.md = .github\prompts\bc-implementation.prompt.md
		.github\prompts\pr-review.prompt.md = .github\prompts\pr-review.prompt.md
		.github\prompts\refactor.prompt.md = .github\prompts\refactor.prompt.md
	EndProjectSection
EndProject
Project("{2150E333-8FDC-42A3-9474-1A3956D46DE8}") = "patterns", "patterns", "{DB95CC21-7869-4EAC-8EB3-F5706D958E0A}"
	ProjectSection(SolutionItems) = preProject
		docs\patterns\implementation-patterns.md = docs\patterns\implementation-patterns.md
	EndProjectSection
EndProject
Project("{2150E333-8FDC-42A3-9474-1A3956D46DE8}") = "roadmap", "roadmap", "{8FA6F8D3-44D1-4AC3-9335-8B69F45EA3DD}"
	ProjectSection(SolutionItems) = preProject
		docs\roadmap\chunked-upload.md = docs\roadmap\chunked-upload.md
		docs\roadmap\frontend-pipeline.md = docs\roadmap\frontend-pipeline.md
		docs\roadmap\iam-atomic-switch.md = docs\roadmap\iam-atomic-switch.md
		docs\roadmap\iam-refresh-token.md = docs\roadmap\iam-refresh-token.md
		docs\roadmap\orders-atomic-switch.md = docs\roadmap\orders-atomic-switch.md
		docs\roadmap\payments-atomic-switch.md = docs\roadmap\payments-atomic-switch.md
		docs\roadmap\presale-slice2.md = docs\roadmap\presale-slice2.md
		docs\roadmap\README.md = docs\roadmap\README.md
		docs\roadmap\saga-pattern.md = docs\roadmap\saga-pattern.md
		docs\roadmap\storefront-offers.md = docs\roadmap\storefront-offers.md
	EndProjectSection
EndProject
Project("{2150E333-8FDC-42A3-9474-1A3956D46DE8}") = "workflows", "workflows", "{9F10C0A0-1700-0000-0000-000000000001}"
	ProjectSection(SolutionItems) = preProject
		.github\workflows\dotnet-ci.yml = .github\workflows\dotnet-ci.yml
	EndProjectSection
EndProject
Project("{2150E333-8FDC-42A3-9474-1A3956D46DE8}") = "context", "context", "{1064B208-B85A-4013-8C84-597303D43282}"
	ProjectSection(SolutionItems) = preProject
		.github\context\agent-decisions.md = .github\context\agent-decisions.md
		.github\context\anti-patterns-critical.context.md = .github\context\anti-patterns-critical.context.md
		.github\context\future-skills.md = .github\context\future-skills.md
		.github\context\known-issues.md = .github\context\known-issues.md
		.github\context\project-state.md = .github\context\project-state.md
		.github\context\repo-index.md = .github\context\repo-index.md
	EndProjectSection
EndProject
Project("{2150E333-8FDC-42A3-9474-1A3956D46DE8}") = "reference", "reference", "{A1B2C3D4-E5F6-7890-ABCD-EF1234567890}"
	ProjectSection(SolutionItems) = preProject
		docs\reference\endpoint-map.md = docs\reference\endpoint-map.md
	EndProjectSection
EndProject
Project("{2150E333-8FDC-42A3-9474-1A3956D46DE8}") = "reports", "reports", "{7C3E91A2-B4D5-4F68-9A1C-E2F30748D6B1}"
	ProjectSection(SolutionItems) = preProject
		docs\reports\bc-migration-status.md = docs\reports\bc-migration-status.md
		docs\reports\cross-bc-integration-test-report.md = docs\reports\cross-bc-integration-test-report.md
		docs\reports\remaining-work-effort.md = docs\reports\remaining-work-effort.md
		docs\reports\web-ui-views-report.md = docs\reports\web-ui-views-report.md
	EndProjectSection
EndProject
Project("{2150E333-8FDC-42A3-9474-1A3956D46DE8}") = "HttpScenarios", "HttpScenarios", "{B3C4D5E6-F7A8-4B9C-8D0E-1F2A3B4C5D6E}"
	ProjectSection(SolutionItems) = preProject
		ECommerceApp.API\HttpScenarios\account-profile.http = ECommerceApp.API\HttpScenarios\account-profile.http
		ECommerceApp.API\HttpScenarios\auth.http = ECommerceApp.API\HttpScenarios\auth.http
		ECommerceApp.API\HttpScenarios\catalog.http = ECommerceApp.API\HttpScenarios\catalog.http
		ECommerceApp.API\HttpScenarios\currencies.http = ECommerceApp.API\HttpScenarios\currencies.http
		ECommerceApp.API\HttpScenarios\inventory.http = ECommerceApp.API\HttpScenarios\inventory.http
		ECommerceApp.API\HttpScenarios\jobs.http = ECommerceApp.API\HttpScenarios\jobs.http
		ECommerceApp.API\HttpScenarios\payments.http = ECommerceApp.API\HttpScenarios\payments.http
		ECommerceApp.API\HttpScenarios\presale.http = ECommerceApp.API\HttpScenarios\presale.http
		ECommerceApp.API\HttpScenarios\refunds.http = ECommerceApp.API\HttpScenarios\refunds.http
		ECommerceApp.API\HttpScenarios\sales-orders.http = ECommerceApp.API\HttpScenarios\sales-orders.http
	EndProjectSection
EndProject
Project("{2150E333-8FDC-42A3-9474-1A3956D46DE8}") = "skills", "skills", "{2FBD2A37-7C7A-4EE9-87FD-DECAC3085916}"
EndProject
Project("{2150E333-8FDC-42A3-9474-1A3956D46DE8}") = "create-dbcontext", "create-dbcontext", "{454D908B-026B-44BF-BC5B-21687F7F3181}"
	ProjectSection(SolutionItems) = preProject
		.github\skills\create-dbcontext\SKILL.md = .github\skills\create-dbcontext\SKILL.md
	EndProjectSection
EndProject
Project("{2150E333-8FDC-42A3-9474-1A3956D46DE8}") = "create-di-extension", "create-di-extension", "{85AD127C-4128-4C3B-9BC1-9CA2EDA721A3}"
	ProjectSection(SolutionItems) = preProject
		.github\skills\create-di-extension\SKILL.md = .github\skills\create-di-extension\SKILL.md
	EndProjectSection
EndProject
Project("{2150E333-8FDC-42A3-9474-1A3956D46DE8}") = "create-domain-event", "create-domain-event", "{65AFD939-5CC2-4C42-9599-4B77A0DA4571}"
	ProjectSection(SolutionItems) = preProject
		.github\skills\create-domain-event\SKILL.md = .github\skills\create-domain-event\SKILL.md
	EndProjectSection
EndProject
Project("{2150E333-8FDC-42A3-9474-1A3956D46DE8}") = "create-ef-configuration", "create-ef-configuration", "{8845B7FC-77A8-4375-9474-5FC43CA45C77}"
	ProjectSection(SolutionItems) = preProject
		.github\skills\create-ef-configuration\SKILL.md = .github\skills\create-ef-configuration\SKILL.md
	EndProjectSection
EndProject
Project("{2150E333-8FDC-42A3-9474-1A3956D46DE8}") = "create-http-scenario", "create-http-scenario", "{D064447E-C0D6-44A5-AF64-8FB064F75ABA}"
	ProjectSection(SolutionItems) = preProject
		.github\skills\create-http-scenario\SKILL.md = .github\skills\create-http-scenario\SKILL.md
	EndProjectSection
EndProject
Project("{2150E333-8FDC-42A3-9474-1A3956D46DE8}") = "create-integration-test", "create-integration-test", "{3F4FB488-668E-45EE-BCE3-6A5B4B55B5C9}"
	ProjectSection(SolutionItems) = preProject
		.github\skills\create-integration-test\SKILL.md = .github\skills\create-integration-test\SKILL.md
	EndProjectSection
EndProject
Project("{2150E333-8FDC-42A3-9474-1A3956D46DE8}") = "create-unit-test", "create-unit-test", "{0812F74D-3AE1-492C-BFB1-2F8FFA4FC97A}"
	ProjectSection(SolutionItems) = preProject
		.github\skills\create-unit-test\SKILL.md = .github\skills\create-unit-test\SKILL.md
	EndProjectSection
EndProject
Project("{2150E333-8FDC-42A3-9474-1A3956D46DE8}") = "create-validator", "create-validator", "{F3E145DF-ADCD-4EFA-BC2C-8C4855A9E597}"
	ProjectSection(SolutionItems) = preProject
		.github\skills\create-validator\SKILL.md = .github\skills\create-validator\SKILL.md
	EndProjectSection
EndProject
Project("{2150E333-8FDC-42A3-9474-1A3956D46DE8}") = "create-cqrs-handler", "create-cqrs-handler", "{A1B2C3D4-E5F6-7890-ABCD-EF1234567890}"
	ProjectSection(SolutionItems) = preProject
		.github\skills\create-cqrs-handler\SKILL.md = .github\skills\create-cqrs-handler\SKILL.md
	EndProjectSection
EndProject
Project("{2150E333-8FDC-42A3-9474-1A3956D46DE8}") = "create-dto-viewmodel", "create-dto-viewmodel", "{B2C3D4E5-F6A7-8901-BCDE-F12345678901}"
	ProjectSection(SolutionItems) = preProject
		.github\skills\create-dto-viewmodel\SKILL.md = .github\skills\create-dto-viewmodel\SKILL.md
	EndProjectSection
EndProject
Project("{2150E333-8FDC-42A3-9474-1A3956D46DE8}") = "create-message-contract", "create-message-contract", "{C3D4E5F6-A7B8-9012-CDEF-012345678902}"
	ProjectSection(SolutionItems) = preProject
		.github\skills\create-message-contract\SKILL.md = .github\skills\create-message-contract\SKILL.md
	EndProjectSection
EndProject
Global
	GlobalSection(SolutionConfigurationPlatforms) = preSolution
		Debug|Any CPU = Debug|Any CPU
		Release|Any CPU = Release|Any CPU
	EndGlobalSection
	GlobalSection(ProjectConfigurationPlatforms) = postSolution
		{37AFE261-8798-4F38-AB9E-E24F319C7BE7}.Debug|Any CPU.ActiveCfg = Debug|Any CPU
		{37AFE261-8798-4F38-AB9E-E24F319C7BE7}.Debug|Any CPU.Build.0 = Debug|Any CPU
		{37AFE261-8798-4F38-AB9E-E24F319C7BE7}.Release|Any CPU.ActiveCfg = Release|Any CPU
		{37AFE261-8798-4F38-AB9E-E24F319C7BE7}.Release|Any CPU.Build.0 = Release|Any CPU
		{D5F1F7F5-15EE-401D-904B-59DEE87F31E9}.Debug|Any CPU.ActiveCfg = Debug|Any CPU
		{D5F1F7F5-15EE-401D-904B-59DEE87F31E9}.Debug|Any CPU.Build.0 = Debug|Any CPU
		{D5F1F7F5-15EE-401D-904B-59DEE87F31E9}.Release|Any CPU.ActiveCfg = Release|Any CPU
		{D5F1F7F5-15EE-401D-904B-59DEE87F31E9}.Release|Any CPU.Build.0 = Release|Any CPU
		{099C91A3-CAFA-4DE3-B284-ECF927D6DB1D}.Debug|Any CPU.ActiveCfg = Debug|Any CPU
		{099C91A3-CAFA-4DE3-B284-ECF927D6DB1D}.Debug|Any CPU.Build.0 = Debug|Any CPU
		{099C91A3-CAFA-4DE3-B284-ECF927D6DB1D}.Release|Any CPU.ActiveCfg = Release|Any CPU
		{099C91A3-CAFA-4DE3-B284-ECF927D6DB1D}.Release|Any CPU.Build.0 = Release|Any CPU
		{CDA8D652-A2F0-41C5-8F74-B93BE1128837}.Debug|Any CPU.ActiveCfg = Debug|Any CPU
		{CDA8D652-A2F0-41C5-8F74-B93BE1128837}.Debug|Any CPU.Build.0 = Debug|Any CPU
		{CDA8D652-A2F0-41C5-8F74-B93BE1128837}.Release|Any CPU.ActiveCfg = Release|Any CPU
		{CDA8D652-A2F0-41C5-8F74-B93BE1128837}.Release|Any CPU.Build.0 = Release|Any CPU
		{D0D6AAB7-0B70-467C-9952-F2D15EABC772}.Debug|Any CPU.ActiveCfg = Debug|Any CPU
		{D0D6AAB7-0B70-467C-9952-F2D15EABC772}.Debug|Any CPU.Build.0 = Debug|Any CPU
		{D0D6AAB7-0B70-467C-9952-F2D15EABC772}.Release|Any CPU.ActiveCfg = Release|Any CPU
		{D0D6AAB7-0B70-467C-9952-F2D15EABC772}.Release|Any CPU.Build.0 = Release|Any CPU
		{ED508D6F-6EE1-4ECC-A115-9F145645B377}.Debug|Any CPU.ActiveCfg = Debug|Any CPU
		{ED508D6F-6EE1-4ECC-A115-9F145645B377}.Debug|Any CPU.Build.0 = Debug|Any CPU
		{ED508D6F-6EE1-4ECC-A115-9F145645B377}.Release|Any CPU.ActiveCfg = Release|Any CPU
		{ED508D6F-6EE1-4ECC-A115-9F145645B377}.Release|Any CPU.Build.0 = Release|Any CPU
		{270EE226-CC66-4548-9BD1-469091FE8580}.Debug|Any CPU.ActiveCfg = Debug|Any CPU
		{270EE226-CC66-4548-9BD1-469091FE8580}.Debug|Any CPU.Build.0 = Debug|Any CPU
		{270EE226-CC66-4548-9BD1-469091FE8580}.Release|Any CPU.ActiveCfg = Release|Any CPU
		{270EE226-CC66-4548-9BD1-469091FE8580}.Release|Any CPU.Build.0 = Release|Any CPU
	EndGlobalSection
	GlobalSection(SolutionProperties) = preSolution
		HideSolutionNode = FALSE
	EndGlobalSection
	GlobalSection(NestedProjects) = preSolution
		{37AFE261-8798-4F38-AB9E-E24F319C7BE7} = {79A3F79E-4649-412E-8C1D-CEDBBFCA3148}
		{E366E209-FBED-44DB-A5CC-10CE7EAAD258} = {049E647F-D15D-4AFB-8AE6-DB2363C9F4D4}
		{9EE5FD2E-EFCD-49A0-A1DE-4D58D4DE35B1} = {049E647F-D15D-4AFB-8AE6-DB2363C9F4D4}
		{8414CA63-CBCE-4F01-962D-5EF94E8E9823} = {049E647F-D15D-4AFB-8AE6-DB2363C9F4D4}
		{10D50F1A-6B65-4B28-B3E1-B064B6EBF967} = {049E647F-D15D-4AFB-8AE6-DB2363C9F4D4}
		{79A3F79E-4649-412E-8C1D-CEDBBFCA3148} = {049E647F-D15D-4AFB-8AE6-DB2363C9F4D4}
		{D5F1F7F5-15EE-401D-904B-59DEE87F31E9} = {9EE5FD2E-EFCD-49A0-A1DE-4D58D4DE35B1}
		{099C91A3-CAFA-4DE3-B284-ECF927D6DB1D} = {E366E209-FBED-44DB-A5CC-10CE7EAAD258}
		{CDA8D652-A2F0-41C5-8F74-B93BE1128837} = {8414CA63-CBCE-4F01-962D-5EF94E8E9823}
		{D0D6AAB7-0B70-467C-9952-F2D15EABC772} = {10D50F1A-6B65-4B28-B3E1-B064B6EBF967}
		{ED508D6F-6EE1-4ECC-A115-9F145645B377} = {79A3F79E-4649-412E-8C1D-CEDBBFCA3148}
		{270EE226-CC66-4548-9BD1-469091FE8580} = {10D50F1A-6B65-4B28-B3E1-B064B6EBF967}
		{38F19132-871F-4C11-806B-B6FE77611219} = {02EA681E-C7D8-13C7-8484-4AC65E1B71E8}
		{6E1A68B1-6E1A-4C59-BBC0-26FE3199BB75} = {02EA681E-C7D8-13C7-8484-4AC65E1B71E8}
		{D2867909-022A-479A-A6F9-3CF92C8F518C} = {02EA681E-C7D8-13C7-8484-4AC65E1B71E8}
		{25B91C37-ECC3-46DC-8502-C91F85A1F7BC} = {908C6C00-47A3-455F-82C8-5BBECB045911}
		{00010000-0000-0000-0000-000000000001} = {25B91C37-ECC3-46DC-8502-C91F85A1F7BC}
		{00020000-0000-0000-0000-000000000002} = {25B91C37-ECC3-46DC-8502-C91F85A1F7BC}
		{00030000-0000-0000-0000-000000000003} = {25B91C37-ECC3-46DC-8502-C91F85A1F7BC}
		{0003E001-0000-0000-0000-000000000003} = {00030000-0000-0000-0000-000000000003}
		{00040000-0000-0000-0000-000000000004} = {25B91C37-ECC3-46DC-8502-C91F85A1F7BC}
		{00050000-0000-0000-0000-000000000005} = {25B91C37-ECC3-46DC-8502-C91F85A1F7BC}
		{00060000-0000-0000-0000-000000000006} = {25B91C37-ECC3-46DC-8502-C91F85A1F7BC}
		{0006E001-0000-0000-0000-000000000006} = {00060000-0000-0000-0000-000000000006}
		{00070000-0000-0000-0000-000000000007} = {25B91C37-ECC3-46DC-8502-C91F85A1F7BC}
		{0007E001-0000-0000-0000-000000000007} = {00070000-0000-0000-0000-000000000007}
		{00080000-0000-0000-0000-000000000008} = {25B91C37-ECC3-46DC-8502-C91F85A1F7BC}
		{0008E001-0000-0000-0000-000000000008} = {00080000-0000-0000-0000-000000000008}
		{00090000-0000-0000-0000-000000000009} = {25B91C37-ECC3-46DC-8502-C91F85A1F7BC}
		{0009A001-0000-0000-0000-000000000009} = {00090000-0000-0000-0000-000000000009}
		{0009E001-0000-0000-0000-000000000009} = {00090000-0000-0000-0000-000000000009}
		{00100000-0000-0000-0000-000000000010} = {25B91C37-ECC3-46DC-8502-C91F85A1F7BC}
		{0010A001-0000-0000-0000-000000000010} = {00100000-0000-0000-0000-000000000010}
		{0010E001-0000-0000-0000-000000000010} = {00100000-0000-0000-0000-000000000010}
		{00110000-0000-0000-0000-000000000011} = {25B91C37-ECC3-46DC-8502-C91F85A1F7BC}
		{0011A001-0000-0000-0000-000000000011} = {00110000-0000-0000-0000-000000000011}
		{0011E001-0000-0000-0000-000000000011} = {00110000-0000-0000-0000-000000000011}
		{00120000-0000-0000-0000-000000000012} = {25B91C37-ECC3-46DC-8502-C91F85A1F7BC}
		{0012E001-0000-0000-0000-000000000012} = {00120000-0000-0000-0000-000000000012}
		{00130000-0000-0000-0000-000000000013} = {25B91C37-ECC3-46DC-8502-C91F85A1F7BC}
		{0013E001-0000-0000-0000-000000000013} = {00130000-0000-0000-0000-000000000013}
		{00140000-0000-0000-0000-000000000014} = {25B91C37-ECC3-46DC-8502-C91F85A1F7BC}
		{0014A001-0000-0000-0000-000000000014} = {00140000-0000-0000-0000-000000000014}
		{0014E001-0000-0000-0000-000000000014} = {00140000-0000-0000-0000-000000000014}
		{00150000-0000-0000-0000-000000000015} = {25B91C37-ECC3-46DC-8502-C91F85A1F7BC}
		{0015E001-0000-0000-0000-000000000015} = {00150000-0000-0000-0000-000000000015}
		{00160000-0000-0000-0000-000000000016} = {25B91C37-ECC3-46DC-8502-C91F85A1F7BC}
		{0016A001-0000-0000-0000-000000000016} = {00160000-0000-0000-0000-000000000016}
		{0016E001-0000-0000-0000-000000000016} = {00160000-0000-0000-0000-000000000016}
		{00170000-0000-0000-0000-000000000017} = {25B91C37-ECC3-46DC-8502-C91F85A1F7BC}
		{0017A001-0000-0000-0000-000000000017} = {00170000-0000-0000-0000-000000000017}
		{0017E001-0000-0000-0000-000000000017} = {00170000-0000-0000-0000-000000000017}
		{00180000-0000-0000-0000-000000000018} = {25B91C37-ECC3-46DC-8502-C91F85A1F7BC}
		{00190000-0000-0000-0000-000000000019} = {25B91C37-ECC3-46DC-8502-C91F85A1F7BC}
		{00200000-0000-0000-0000-000000000020} = {25B91C37-ECC3-46DC-8502-C91F85A1F7BC}
		{00210000-0000-0000-0000-000000000021} = {25B91C37-ECC3-46DC-8502-C91F85A1F7BC}
		{0021E001-0000-0000-0000-000000000021} = {00210000-0000-0000-0000-000000000021}
		{00220000-0000-0000-0000-000000000022} = {25B91C37-ECC3-46DC-8502-C91F85A1F7BC}
		{0022E001-0000-0000-0000-000000000022} = {00220000-0000-0000-0000-000000000022}
		{00230000-0000-0000-0000-000000000023} = {25B91C37-ECC3-46DC-8502-C91F85A1F7BC}
		{0023E001-0000-0000-0000-000000000023} = {00230000-0000-0000-0000-000000000023}
		{00240000-0000-0000-0000-000000000024} = {25B91C37-ECC3-46DC-8502-C91F85A1F7BC}
		{0024E001-0000-0000-0000-000000000024} = {00240000-0000-0000-0000-000000000024}
		{00250000-0000-0000-0000-000000000025} = {25B91C37-ECC3-46DC-8502-C91F85A1F7BC}
		{00260000-0000-0000-0000-000000000026} = {25B91C37-ECC3-46DC-8502-C91F85A1F7BC}
		{5EC11768-8E47-4C89-9EBC-78E600311851} = {908C6C00-47A3-455F-82C8-5BBECB045911}
		{BAC45AC5-6905-4FAF-956C-CD73D03DB4BD} = {02EA681E-C7D8-13C7-8484-4AC65E1B71E8}
		{DB95CC21-7869-4EAC-8EB3-F5706D958E0A} = {908C6C00-47A3-455F-82C8-5BBECB045911}
		{8FA6F8D3-44D1-4AC3-9335-8B69F45EA3DD} = {908C6C00-47A3-455F-82C8-5BBECB045911}
		{1064B208-B85A-4013-8C84-597303D43282} = {02EA681E-C7D8-13C7-8484-4AC65E1B71E8}
		{9F10C0A0-1700-0000-0000-000000000001} = {02EA681E-C7D8-13C7-8484-4AC65E1B71E8}
		{A1B2C3D4-E5F6-7890-ABCD-EF1234567890} = {908C6C00-47A3-455F-82C8-5BBECB045911}
		{7C3E91A2-B4D5-4F68-9A1C-E2F30748D6B1} = {908C6C00-47A3-455F-82C8-5BBECB045911}
		{2FBD2A37-7C7A-4EE9-87FD-DECAC3085916} = {02EA681E-C7D8-13C7-8484-4AC65E1B71E8}
		{454D908B-026B-44BF-BC5B-21687F7F3181} = {2FBD2A37-7C7A-4EE9-87FD-DECAC3085916}
		{85AD127C-4128-4C3B-9BC1-9CA2EDA721A3} = {2FBD2A37-7C7A-4EE9-87FD-DECAC3085916}
		{65AFD939-5CC2-4C42-9599-4B77A0DA4571} = {2FBD2A37-7C7A-4EE9-87FD-DECAC3085916}
		{8845B7FC-77A8-4375-9474-5FC43CA45C77} = {2FBD2A37-7C7A-4EE9-87FD-DECAC3085916}
		{D064447E-C0D6-44A5-AF64-8FB064F75ABA} = {2FBD2A37-7C7A-4EE9-87FD-DECAC3085916}
		{3F4FB488-668E-45EE-BCE3-6A5B4B55B5C9} = {2FBD2A37-7C7A-4EE9-87FD-DECAC3085916}
		{0812F74D-3AE1-492C-BFB1-2F8FFA4FC97A} = {2FBD2A37-7C7A-4EE9-87FD-DECAC3085916}
		{F3E145DF-ADCD-4EFA-BC2C-8C4855A9E597} = {2FBD2A37-7C7A-4EE9-87FD-DECAC3085916}
	EndGlobalSection
	GlobalSection(ExtensibilityGlobals) = postSolution
		SolutionGuid = {C833E166-660D-4E9D-85E1-0ED811E2828E}
	EndGlobalSection
EndGlobal
